// !$*UTF8*$!
{
	archiveVersion = 1;
	classes = {
	};
	objectVersion = 56;
	objects = {

/* Begin PBXBuildFile section */
		6F56B5AB2A51843500D7A000 /* JobItemView.swift in Sources */ = {isa = PBXBuildFile; fileRef = 6F56B5AA2A51843500D7A000 /* JobItemView.swift */; };
		6F56B5AD2A51853100D7A000 /* LocationComponent.swift in Sources */ = {isa = PBXBuildFile; fileRef = 6F56B5AC2A51853100D7A000 /* LocationComponent.swift */; };
		6F56B5AF2A5187E900D7A000 /* ScrapButton.swift in Sources */ = {isa = PBXBuildFile; fileRef = 6F56B5AE2A5187E900D7A000 /* ScrapButton.swift */; };
		6F56B5B72A51935600D7A000 /* UINavigationController+Extension.swift in Sources */ = {isa = PBXBuildFile; fileRef = 6F56B5B62A51935600D7A000 /* UINavigationController+Extension.swift */; };
		6FB4A2A42A4DDD5700943CD4 /* LocalHolidayApp.swift in Sources */ = {isa = PBXBuildFile; fileRef = 6FB4A2A32A4DDD5700943CD4 /* LocalHolidayApp.swift */; };
		6FB4A2A62A4DDD5700943CD4 /* ContentView.swift in Sources */ = {isa = PBXBuildFile; fileRef = 6FB4A2A52A4DDD5700943CD4 /* ContentView.swift */; };
		6FB4A2A82A4DDD5800943CD4 /* Assets.xcassets in Resources */ = {isa = PBXBuildFile; fileRef = 6FB4A2A72A4DDD5800943CD4 /* Assets.xcassets */; };
		6FB4A2AC2A4DDD5800943CD4 /* Preview Assets.xcassets in Resources */ = {isa = PBXBuildFile; fileRef = 6FB4A2AB2A4DDD5800943CD4 /* Preview Assets.xcassets */; };
		6FB4A2B42A4DDE3B00943CD4 /* SquarePicture.swift in Sources */ = {isa = PBXBuildFile; fileRef = 6FB4A2B32A4DDE3B00943CD4 /* SquarePicture.swift */; };
		6FB4A2B72A4DFD4A00943CD4 /* Color+Extension.swift in Sources */ = {isa = PBXBuildFile; fileRef = 6FB4A2B62A4DFD4A00943CD4 /* Color+Extension.swift */; };
		6FB4A2B92A4DFDE100943CD4 /* Image+Extension.swift in Sources */ = {isa = PBXBuildFile; fileRef = 6FB4A2B82A4DFDE100943CD4 /* Image+Extension.swift */; };
		6FB4A2BB2A4DFF2C00943CD4 /* Font+Extension.swift in Sources */ = {isa = PBXBuildFile; fileRef = 6FB4A2BA2A4DFF2C00943CD4 /* Font+Extension.swift */; };
		6FB4A2C72A4E00D800943CD4 /* SUIT-Thin.otf in Resources */ = {isa = PBXBuildFile; fileRef = 6FB4A2BE2A4E00D800943CD4 /* SUIT-Thin.otf */; };
		6FB4A2C82A4E00D800943CD4 /* SUIT-Bold.otf in Resources */ = {isa = PBXBuildFile; fileRef = 6FB4A2BF2A4E00D800943CD4 /* SUIT-Bold.otf */; };
		6FB4A2CA2A4E00D800943CD4 /* SUIT-Heavy.otf in Resources */ = {isa = PBXBuildFile; fileRef = 6FB4A2C12A4E00D800943CD4 /* SUIT-Heavy.otf */; };
		6FB4A2CB2A4E00D800943CD4 /* SUIT-Regular.otf in Resources */ = {isa = PBXBuildFile; fileRef = 6FB4A2C22A4E00D800943CD4 /* SUIT-Regular.otf */; };
		6FB4A2CC2A4E00D800943CD4 /* SUIT-SemiBold.otf in Resources */ = {isa = PBXBuildFile; fileRef = 6FB4A2C32A4E00D800943CD4 /* SUIT-SemiBold.otf */; };
		6FB4A2CD2A4E00D800943CD4 /* SUIT-Light.otf in Resources */ = {isa = PBXBuildFile; fileRef = 6FB4A2C42A4E00D800943CD4 /* SUIT-Light.otf */; };
		6FB4A2CE2A4E00D800943CD4 /* SUIT-Medium.otf in Resources */ = {isa = PBXBuildFile; fileRef = 6FB4A2C52A4E00D800943CD4 /* SUIT-Medium.otf */; };
		6FB4A2D42A4E05FD00943CD4 /* Size.swift in Sources */ = {isa = PBXBuildFile; fileRef = 6FB4A2D32A4E05FD00943CD4 /* Size.swift */; };
		6FB4A2D82A4E07DA00943CD4 /* IconView.swift in Sources */ = {isa = PBXBuildFile; fileRef = 6FB4A2D72A4E07DA00943CD4 /* IconView.swift */; };
		6FB4A2DB2A4E08C100943CD4 /* HomeView.swift in Sources */ = {isa = PBXBuildFile; fileRef = 6FB4A2DA2A4E08C100943CD4 /* HomeView.swift */; };
		6FB4A2DD2A4E0A0700943CD4 /* CountryGridView.swift in Sources */ = {isa = PBXBuildFile; fileRef = 6FB4A2DC2A4E0A0700943CD4 /* CountryGridView.swift */; };
		6FB4A2DF2A503E8A00943CD4 /* CardSlideView.swift in Sources */ = {isa = PBXBuildFile; fileRef = 6FB4A2DE2A503E8A00943CD4 /* CardSlideView.swift */; };
		6FB4A2E32A5050F500943CD4 /* BookView.swift in Sources */ = {isa = PBXBuildFile; fileRef = 6FB4A2E22A5050F500943CD4 /* BookView.swift */; };
		6FB4A2E52A507A5400943CD4 /* ImageView.swift in Sources */ = {isa = PBXBuildFile; fileRef = 6FB4A2E42A507A5400943CD4 /* ImageView.swift */; };
		6FB4A2E72A51539D00943CD4 /* PlayView.swift in Sources */ = {isa = PBXBuildFile; fileRef = 6FB4A2E62A51539D00943CD4 /* PlayView.swift */; };
		6FB4A2E92A5165BC00943CD4 /* CountryDetailView.swift in Sources */ = {isa = PBXBuildFile; fileRef = 6FB4A2E82A5165BC00943CD4 /* CountryDetailView.swift */; };
		6FB4A2F12A5174B200943CD4 /* HorizontalSelectView.swift in Sources */ = {isa = PBXBuildFile; fileRef = 6FB4A2F02A5174B200943CD4 /* HorizontalSelectView.swift */; };
/* End PBXBuildFile section */

/* Begin PBXFileReference section */
		6F56B5AA2A51843500D7A000 /* JobItemView.swift */ = {isa = PBXFileReference; lastKnownFileType = sourcecode.swift; path = JobItemView.swift; sourceTree = "<group>"; };
		6F56B5AC2A51853100D7A000 /* LocationComponent.swift */ = {isa = PBXFileReference; lastKnownFileType = sourcecode.swift; path = LocationComponent.swift; sourceTree = "<group>"; };
		6F56B5AE2A5187E900D7A000 /* ScrapButton.swift */ = {isa = PBXFileReference; lastKnownFileType = sourcecode.swift; path = ScrapButton.swift; sourceTree = "<group>"; };
		6F56B5B62A51935600D7A000 /* UINavigationController+Extension.swift */ = {isa = PBXFileReference; lastKnownFileType = sourcecode.swift; path = "UINavigationController+Extension.swift"; sourceTree = "<group>"; };
		6FB4A2A02A4DDD5700943CD4 /* LocalHoliday.app */ = {isa = PBXFileReference; explicitFileType = wrapper.application; includeInIndex = 0; path = LocalHoliday.app; sourceTree = BUILT_PRODUCTS_DIR; };
		6FB4A2A32A4DDD5700943CD4 /* LocalHolidayApp.swift */ = {isa = PBXFileReference; lastKnownFileType = sourcecode.swift; path = LocalHolidayApp.swift; sourceTree = "<group>"; };
		6FB4A2A52A4DDD5700943CD4 /* ContentView.swift */ = {isa = PBXFileReference; lastKnownFileType = sourcecode.swift; path = ContentView.swift; sourceTree = "<group>"; };
		6FB4A2A72A4DDD5800943CD4 /* Assets.xcassets */ = {isa = PBXFileReference; lastKnownFileType = folder.assetcatalog; path = Assets.xcassets; sourceTree = "<group>"; };
		6FB4A2A92A4DDD5800943CD4 /* LocalHoliday.entitlements */ = {isa = PBXFileReference; lastKnownFileType = text.plist.entitlements; path = LocalHoliday.entitlements; sourceTree = "<group>"; };
		6FB4A2AB2A4DDD5800943CD4 /* Preview Assets.xcassets */ = {isa = PBXFileReference; lastKnownFileType = folder.assetcatalog; path = "Preview Assets.xcassets"; sourceTree = "<group>"; };
		6FB4A2B32A4DDE3B00943CD4 /* SquarePicture.swift */ = {isa = PBXFileReference; lastKnownFileType = sourcecode.swift; path = SquarePicture.swift; sourceTree = "<group>"; };
		6FB4A2B62A4DFD4A00943CD4 /* Color+Extension.swift */ = {isa = PBXFileReference; lastKnownFileType = sourcecode.swift; path = "Color+Extension.swift"; sourceTree = "<group>"; };
		6FB4A2B82A4DFDE100943CD4 /* Image+Extension.swift */ = {isa = PBXFileReference; lastKnownFileType = sourcecode.swift; path = "Image+Extension.swift"; sourceTree = "<group>"; };
		6FB4A2BA2A4DFF2C00943CD4 /* Font+Extension.swift */ = {isa = PBXFileReference; lastKnownFileType = sourcecode.swift; path = "Font+Extension.swift"; sourceTree = "<group>"; };
		6FB4A2BE2A4E00D800943CD4 /* SUIT-Thin.otf */ = {isa = PBXFileReference; lastKnownFileType = file; path = "SUIT-Thin.otf"; sourceTree = "<group>"; };
		6FB4A2BF2A4E00D800943CD4 /* SUIT-Bold.otf */ = {isa = PBXFileReference; lastKnownFileType = file; path = "SUIT-Bold.otf"; sourceTree = "<group>"; };
		6FB4A2C12A4E00D800943CD4 /* SUIT-Heavy.otf */ = {isa = PBXFileReference; lastKnownFileType = file; path = "SUIT-Heavy.otf"; sourceTree = "<group>"; };
		6FB4A2C22A4E00D800943CD4 /* SUIT-Regular.otf */ = {isa = PBXFileReference; lastKnownFileType = file; path = "SUIT-Regular.otf"; sourceTree = "<group>"; };
		6FB4A2C32A4E00D800943CD4 /* SUIT-SemiBold.otf */ = {isa = PBXFileReference; lastKnownFileType = file; path = "SUIT-SemiBold.otf"; sourceTree = "<group>"; };
		6FB4A2C42A4E00D800943CD4 /* SUIT-Light.otf */ = {isa = PBXFileReference; lastKnownFileType = file; path = "SUIT-Light.otf"; sourceTree = "<group>"; };
		6FB4A2C52A4E00D800943CD4 /* SUIT-Medium.otf */ = {isa = PBXFileReference; lastKnownFileType = file; path = "SUIT-Medium.otf"; sourceTree = "<group>"; };
		6FB4A2CF2A4E01EA00943CD4 /* Info.plist */ = {isa = PBXFileReference; lastKnownFileType = text.plist; path = Info.plist; sourceTree = "<group>"; };
		6FB4A2D32A4E05FD00943CD4 /* Size.swift */ = {isa = PBXFileReference; lastKnownFileType = sourcecode.swift; path = Size.swift; sourceTree = "<group>"; };
		6FB4A2D72A4E07DA00943CD4 /* IconView.swift */ = {isa = PBXFileReference; lastKnownFileType = sourcecode.swift; path = IconView.swift; sourceTree = "<group>"; };
		6FB4A2DA2A4E08C100943CD4 /* HomeView.swift */ = {isa = PBXFileReference; lastKnownFileType = sourcecode.swift; path = HomeView.swift; sourceTree = "<group>"; };
		6FB4A2DC2A4E0A0700943CD4 /* CountryGridView.swift */ = {isa = PBXFileReference; lastKnownFileType = sourcecode.swift; path = CountryGridView.swift; sourceTree = "<group>"; };
		6FB4A2DE2A503E8A00943CD4 /* CardSlideView.swift */ = {isa = PBXFileReference; lastKnownFileType = sourcecode.swift; path = CardSlideView.swift; sourceTree = "<group>"; };
		6FB4A2E22A5050F500943CD4 /* BookView.swift */ = {isa = PBXFileReference; lastKnownFileType = sourcecode.swift; path = BookView.swift; sourceTree = "<group>"; };
		6FB4A2E42A507A5400943CD4 /* ImageView.swift */ = {isa = PBXFileReference; lastKnownFileType = sourcecode.swift; path = ImageView.swift; sourceTree = "<group>"; };
		6FB4A2E62A51539D00943CD4 /* PlayView.swift */ = {isa = PBXFileReference; lastKnownFileType = sourcecode.swift; path = PlayView.swift; sourceTree = "<group>"; };
		6FB4A2E82A5165BC00943CD4 /* CountryDetailView.swift */ = {isa = PBXFileReference; lastKnownFileType = sourcecode.swift; path = CountryDetailView.swift; sourceTree = "<group>"; };
		6FB4A2F02A5174B200943CD4 /* HorizontalSelectView.swift */ = {isa = PBXFileReference; lastKnownFileType = sourcecode.swift; path = HorizontalSelectView.swift; sourceTree = "<group>"; };
/* End PBXFileReference section */

/* Begin PBXFrameworksBuildPhase section */
		6FB4A29D2A4DDD5700943CD4 /* Frameworks */ = {
			isa = PBXFrameworksBuildPhase;
			buildActionMask = 2147483647;
			files = (
			);
			runOnlyForDeploymentPostprocessing = 0;
		};
/* End PBXFrameworksBuildPhase section */

/* Begin PBXGroup section */
		6FB4A2972A4DDD5700943CD4 = {
			isa = PBXGroup;
			children = (
				6FB4A2A22A4DDD5700943CD4 /* LocalHoliday */,
				6FB4A2A12A4DDD5700943CD4 /* Products */,
			);
			sourceTree = "<group>";
		};
		6FB4A2A12A4DDD5700943CD4 /* Products */ = {
			isa = PBXGroup;
			children = (
				6FB4A2A02A4DDD5700943CD4 /* LocalHoliday.app */,
			);
			name = Products;
			sourceTree = "<group>";
		};
		6FB4A2A22A4DDD5700943CD4 /* LocalHoliday */ = {
			isa = PBXGroup;
			children = (
				6FB4A2D92A4E08B500943CD4 /* Views */,
				6FB4A2D22A4E05E800943CD4 /* Resources */,
				6FB4A2D02A4E05A400943CD4 /* Util */,
				6FB4A2CF2A4E01EA00943CD4 /* Info.plist */,
				6FB4A2B22A4DDDDE00943CD4 /* Components */,
				6FB4A2A32A4DDD5700943CD4 /* LocalHolidayApp.swift */,
				6FB4A2A52A4DDD5700943CD4 /* ContentView.swift */,
				6FB4A2A92A4DDD5800943CD4 /* LocalHoliday.entitlements */,
				6FB4A2AA2A4DDD5800943CD4 /* Preview Content */,
			);
			path = LocalHoliday;
			sourceTree = "<group>";
		};
		6FB4A2AA2A4DDD5800943CD4 /* Preview Content */ = {
			isa = PBXGroup;
			children = (
				6FB4A2AB2A4DDD5800943CD4 /* Preview Assets.xcassets */,
			);
			path = "Preview Content";
			sourceTree = "<group>";
		};
		6FB4A2B22A4DDDDE00943CD4 /* Components */ = {
			isa = PBXGroup;
			children = (
				6FB4A2B32A4DDE3B00943CD4 /* SquarePicture.swift */,
				6FB4A2D72A4E07DA00943CD4 /* IconView.swift */,
				6FB4A2DC2A4E0A0700943CD4 /* CountryGridView.swift */,
				6FB4A2DE2A503E8A00943CD4 /* CardSlideView.swift */,
				6FB4A2E22A5050F500943CD4 /* BookView.swift */,
				6FB4A2E42A507A5400943CD4 /* ImageView.swift */,
				6FB4A2E62A51539D00943CD4 /* PlayView.swift */,
				6FB4A2F02A5174B200943CD4 /* HorizontalSelectView.swift */,
				6F56B5AA2A51843500D7A000 /* JobItemView.swift */,
				6F56B5AC2A51853100D7A000 /* LocationComponent.swift */,
				6F56B5AE2A5187E900D7A000 /* ScrapButton.swift */,
			);
			path = Components;
			sourceTree = "<group>";
		};
		6FB4A2B52A4DFD3C00943CD4 /* Extension */ = {
			isa = PBXGroup;
			children = (
				6FB4A2B62A4DFD4A00943CD4 /* Color+Extension.swift */,
				6FB4A2B82A4DFDE100943CD4 /* Image+Extension.swift */,
				6FB4A2BA2A4DFF2C00943CD4 /* Font+Extension.swift */,
				6F56B5B62A51935600D7A000 /* UINavigationController+Extension.swift */,
			);
			path = Extension;
			sourceTree = "<group>";
		};
		6FB4A2BC2A4E00BC00943CD4 /* Font */ = {
			isa = PBXGroup;
			children = (
				6FB4A2BF2A4E00D800943CD4 /* SUIT-Bold.otf */,
				6FB4A2C12A4E00D800943CD4 /* SUIT-Heavy.otf */,
				6FB4A2C42A4E00D800943CD4 /* SUIT-Light.otf */,
				6FB4A2C52A4E00D800943CD4 /* SUIT-Medium.otf */,
				6FB4A2C22A4E00D800943CD4 /* SUIT-Regular.otf */,
				6FB4A2C32A4E00D800943CD4 /* SUIT-SemiBold.otf */,
				6FB4A2BE2A4E00D800943CD4 /* SUIT-Thin.otf */,
			);
			path = Font;
			sourceTree = "<group>";
		};
		6FB4A2D02A4E05A400943CD4 /* Util */ = {
			isa = PBXGroup;
			children = (
				6FB4A2D12A4E05B200943CD4 /* Constant */,
				6FB4A2B52A4DFD3C00943CD4 /* Extension */,
			);
			path = Util;
			sourceTree = "<group>";
		};
		6FB4A2D12A4E05B200943CD4 /* Constant */ = {
			isa = PBXGroup;
			children = (
				6FB4A2D32A4E05FD00943CD4 /* Size.swift */,
			);
			path = Constant;
			sourceTree = "<group>";
		};
		6FB4A2D22A4E05E800943CD4 /* Resources */ = {
			isa = PBXGroup;
			children = (
				6FB4A2A72A4DDD5800943CD4 /* Assets.xcassets */,
				6FB4A2BC2A4E00BC00943CD4 /* Font */,
			);
			path = Resources;
			sourceTree = "<group>";
		};
		6FB4A2D92A4E08B500943CD4 /* Views */ = {
			isa = PBXGroup;
			children = (
				6FB4A2DA2A4E08C100943CD4 /* HomeView.swift */,
				6FB4A2E82A5165BC00943CD4 /* CountryDetailView.swift */,
			);
			path = Views;
			sourceTree = "<group>";
		};
/* End PBXGroup section */

/* Begin PBXNativeTarget section */
		6FB4A29F2A4DDD5700943CD4 /* LocalHoliday */ = {
			isa = PBXNativeTarget;
			buildConfigurationList = 6FB4A2AF2A4DDD5800943CD4 /* Build configuration list for PBXNativeTarget "LocalHoliday" */;
			buildPhases = (
				6FB4A29C2A4DDD5700943CD4 /* Sources */,
				6FB4A29D2A4DDD5700943CD4 /* Frameworks */,
				6FB4A29E2A4DDD5700943CD4 /* Resources */,
			);
			buildRules = (
			);
			dependencies = (
			);
			name = LocalHoliday;
			productName = LocalHoliday;
			productReference = 6FB4A2A02A4DDD5700943CD4 /* LocalHoliday.app */;
			productType = "com.apple.product-type.application";
		};
/* End PBXNativeTarget section */

/* Begin PBXProject section */
		6FB4A2982A4DDD5700943CD4 /* Project object */ = {
			isa = PBXProject;
			attributes = {
				BuildIndependentTargetsInParallel = 1;
				LastSwiftUpdateCheck = 1430;
				LastUpgradeCheck = 1430;
				TargetAttributes = {
					6FB4A29F2A4DDD5700943CD4 = {
						CreatedOnToolsVersion = 14.3.1;
					};
				};
			};
			buildConfigurationList = 6FB4A29B2A4DDD5700943CD4 /* Build configuration list for PBXProject "LocalHoliday" */;
			compatibilityVersion = "Xcode 14.0";
			developmentRegion = en;
			hasScannedForEncodings = 0;
			knownRegions = (
				en,
				Base,
			);
			mainGroup = 6FB4A2972A4DDD5700943CD4;
			productRefGroup = 6FB4A2A12A4DDD5700943CD4 /* Products */;
			projectDirPath = "";
			projectRoot = "";
			targets = (
				6FB4A29F2A4DDD5700943CD4 /* LocalHoliday */,
			);
		};
/* End PBXProject section */

/* Begin PBXResourcesBuildPhase section */
		6FB4A29E2A4DDD5700943CD4 /* Resources */ = {
			isa = PBXResourcesBuildPhase;
			buildActionMask = 2147483647;
			files = (
				6FB4A2CE2A4E00D800943CD4 /* SUIT-Medium.otf in Resources */,
				6FB4A2CA2A4E00D800943CD4 /* SUIT-Heavy.otf in Resources */,
				6FB4A2CD2A4E00D800943CD4 /* SUIT-Light.otf in Resources */,
				6FB4A2AC2A4DDD5800943CD4 /* Preview Assets.xcassets in Resources */,
				6FB4A2C72A4E00D800943CD4 /* SUIT-Thin.otf in Resources */,
				6FB4A2CB2A4E00D800943CD4 /* SUIT-Regular.otf in Resources */,
				6FB4A2C82A4E00D800943CD4 /* SUIT-Bold.otf in Resources */,
				6FB4A2CC2A4E00D800943CD4 /* SUIT-SemiBold.otf in Resources */,
				6FB4A2A82A4DDD5800943CD4 /* Assets.xcassets in Resources */,
			);
			runOnlyForDeploymentPostprocessing = 0;
		};
/* End PBXResourcesBuildPhase section */

/* Begin PBXSourcesBuildPhase section */
		6FB4A29C2A4DDD5700943CD4 /* Sources */ = {
			isa = PBXSourcesBuildPhase;
			buildActionMask = 2147483647;
			files = (
				6FB4A2DB2A4E08C100943CD4 /* HomeView.swift in Sources */,
				6F56B5AF2A5187E900D7A000 /* ScrapButton.swift in Sources */,
				6FB4A2B92A4DFDE100943CD4 /* Image+Extension.swift in Sources */,
				6FB4A2D42A4E05FD00943CD4 /* Size.swift in Sources */,
				6FB4A2E32A5050F500943CD4 /* BookView.swift in Sources */,
				6FB4A2E52A507A5400943CD4 /* ImageView.swift in Sources */,
				6FB4A2A62A4DDD5700943CD4 /* ContentView.swift in Sources */,
				6F56B5B72A51935600D7A000 /* UINavigationController+Extension.swift in Sources */,
				6F56B5AB2A51843500D7A000 /* JobItemView.swift in Sources */,
				6FB4A2DF2A503E8A00943CD4 /* CardSlideView.swift in Sources */,
				6FB4A2A42A4DDD5700943CD4 /* LocalHolidayApp.swift in Sources */,
				6FB4A2B42A4DDE3B00943CD4 /* SquarePicture.swift in Sources */,
				6F56B5AD2A51853100D7A000 /* LocationComponent.swift in Sources */,
				6FB4A2E92A5165BC00943CD4 /* CountryDetailView.swift in Sources */,
				6FB4A2F12A5174B200943CD4 /* HorizontalSelectView.swift in Sources */,
				6FB4A2D82A4E07DA00943CD4 /* IconView.swift in Sources */,
				6FB4A2E72A51539D00943CD4 /* PlayView.swift in Sources */,
				6FB4A2BB2A4DFF2C00943CD4 /* Font+Extension.swift in Sources */,
				6FB4A2B72A4DFD4A00943CD4 /* Color+Extension.swift in Sources */,
				6FB4A2DD2A4E0A0700943CD4 /* CountryGridView.swift in Sources */,
			);
			runOnlyForDeploymentPostprocessing = 0;
		};
/* End PBXSourcesBuildPhase section */

/* Begin XCBuildConfiguration section */
		6FB4A2AD2A4DDD5800943CD4 /* Debug */ = {
			isa = XCBuildConfiguration;
			buildSettings = {
				ALWAYS_SEARCH_USER_PATHS = NO;
				CLANG_ANALYZER_NONNULL = YES;
				CLANG_ANALYZER_NUMBER_OBJECT_CONVERSION = YES_AGGRESSIVE;
				CLANG_CXX_LANGUAGE_STANDARD = "gnu++20";
				CLANG_ENABLE_MODULES = YES;
				CLANG_ENABLE_OBJC_ARC = YES;
				CLANG_ENABLE_OBJC_WEAK = YES;
				CLANG_WARN_BLOCK_CAPTURE_AUTORELEASING = YES;
				CLANG_WARN_BOOL_CONVERSION = YES;
				CLANG_WARN_COMMA = YES;
				CLANG_WARN_CONSTANT_CONVERSION = YES;
				CLANG_WARN_DEPRECATED_OBJC_IMPLEMENTATIONS = YES;
				CLANG_WARN_DIRECT_OBJC_ISA_USAGE = YES_ERROR;
				CLANG_WARN_DOCUMENTATION_COMMENTS = YES;
				CLANG_WARN_EMPTY_BODY = YES;
				CLANG_WARN_ENUM_CONVERSION = YES;
				CLANG_WARN_INFINITE_RECURSION = YES;
				CLANG_WARN_INT_CONVERSION = YES;
				CLANG_WARN_NON_LITERAL_NULL_CONVERSION = YES;
				CLANG_WARN_OBJC_IMPLICIT_RETAIN_SELF = YES;
				CLANG_WARN_OBJC_LITERAL_CONVERSION = YES;
				CLANG_WARN_OBJC_ROOT_CLASS = YES_ERROR;
				CLANG_WARN_QUOTED_INCLUDE_IN_FRAMEWORK_HEADER = YES;
				CLANG_WARN_RANGE_LOOP_ANALYSIS = YES;
				CLANG_WARN_STRICT_PROTOTYPES = YES;
				CLANG_WARN_SUSPICIOUS_MOVE = YES;
				CLANG_WARN_UNGUARDED_AVAILABILITY = YES_AGGRESSIVE;
				CLANG_WARN_UNREACHABLE_CODE = YES;
				CLANG_WARN__DUPLICATE_METHOD_MATCH = YES;
				COPY_PHASE_STRIP = NO;
				DEBUG_INFORMATION_FORMAT = dwarf;
				ENABLE_STRICT_OBJC_MSGSEND = YES;
				ENABLE_TESTABILITY = YES;
				GCC_C_LANGUAGE_STANDARD = gnu11;
				GCC_DYNAMIC_NO_PIC = NO;
				GCC_NO_COMMON_BLOCKS = YES;
				GCC_OPTIMIZATION_LEVEL = 0;
				GCC_PREPROCESSOR_DEFINITIONS = (
					"DEBUG=1",
					"$(inherited)",
				);
				GCC_WARN_64_TO_32_BIT_CONVERSION = YES;
				GCC_WARN_ABOUT_RETURN_TYPE = YES_ERROR;
				GCC_WARN_UNDECLARED_SELECTOR = YES;
				GCC_WARN_UNINITIALIZED_AUTOS = YES_AGGRESSIVE;
				GCC_WARN_UNUSED_FUNCTION = YES;
				GCC_WARN_UNUSED_VARIABLE = YES;
				MTL_ENABLE_DEBUG_INFO = INCLUDE_SOURCE;
				MTL_FAST_MATH = YES;
				ONLY_ACTIVE_ARCH = YES;
				SWIFT_ACTIVE_COMPILATION_CONDITIONS = DEBUG;
				SWIFT_OPTIMIZATION_LEVEL = "-Onone";
			};
			name = Debug;
		};
		6FB4A2AE2A4DDD5800943CD4 /* Release */ = {
			isa = XCBuildConfiguration;
			buildSettings = {
				ALWAYS_SEARCH_USER_PATHS = NO;
				CLANG_ANALYZER_NONNULL = YES;
				CLANG_ANALYZER_NUMBER_OBJECT_CONVERSION = YES_AGGRESSIVE;
				CLANG_CXX_LANGUAGE_STANDARD = "gnu++20";
				CLANG_ENABLE_MODULES = YES;
				CLANG_ENABLE_OBJC_ARC = YES;
				CLANG_ENABLE_OBJC_WEAK = YES;
				CLANG_WARN_BLOCK_CAPTURE_AUTORELEASING = YES;
				CLANG_WARN_BOOL_CONVERSION = YES;
				CLANG_WARN_COMMA = YES;
				CLANG_WARN_CONSTANT_CONVERSION = YES;
				CLANG_WARN_DEPRECATED_OBJC_IMPLEMENTATIONS = YES;
				CLANG_WARN_DIRECT_OBJC_ISA_USAGE = YES_ERROR;
				CLANG_WARN_DOCUMENTATION_COMMENTS = YES;
				CLANG_WARN_EMPTY_BODY = YES;
				CLANG_WARN_ENUM_CONVERSION = YES;
				CLANG_WARN_INFINITE_RECURSION = YES;
				CLANG_WARN_INT_CONVERSION = YES;
				CLANG_WARN_NON_LITERAL_NULL_CONVERSION = YES;
				CLANG_WARN_OBJC_IMPLICIT_RETAIN_SELF = YES;
				CLANG_WARN_OBJC_LITERAL_CONVERSION = YES;
				CLANG_WARN_OBJC_ROOT_CLASS = YES_ERROR;
				CLANG_WARN_QUOTED_INCLUDE_IN_FRAMEWORK_HEADER = YES;
				CLANG_WARN_RANGE_LOOP_ANALYSIS = YES;
				CLANG_WARN_STRICT_PROTOTYPES = YES;
				CLANG_WARN_SUSPICIOUS_MOVE = YES;
				CLANG_WARN_UNGUARDED_AVAILABILITY = YES_AGGRESSIVE;
				CLANG_WARN_UNREACHABLE_CODE = YES;
				CLANG_WARN__DUPLICATE_METHOD_MATCH = YES;
				COPY_PHASE_STRIP = NO;
				DEBUG_INFORMATION_FORMAT = "dwarf-with-dsym";
				ENABLE_NS_ASSERTIONS = NO;
				ENABLE_STRICT_OBJC_MSGSEND = YES;
				GCC_C_LANGUAGE_STANDARD = gnu11;
				GCC_NO_COMMON_BLOCKS = YES;
				GCC_WARN_64_TO_32_BIT_CONVERSION = YES;
				GCC_WARN_ABOUT_RETURN_TYPE = YES_ERROR;
				GCC_WARN_UNDECLARED_SELECTOR = YES;
				GCC_WARN_UNINITIALIZED_AUTOS = YES_AGGRESSIVE;
				GCC_WARN_UNUSED_FUNCTION = YES;
				GCC_WARN_UNUSED_VARIABLE = YES;
				MTL_ENABLE_DEBUG_INFO = NO;
				MTL_FAST_MATH = YES;
				SWIFT_COMPILATION_MODE = wholemodule;
				SWIFT_OPTIMIZATION_LEVEL = "-O";
			};
			name = Release;
		};
		6FB4A2B02A4DDD5800943CD4 /* Debug */ = {
			isa = XCBuildConfiguration;
			buildSettings = {
				ASSETCATALOG_COMPILER_APPICON_NAME = AppIcon;
				ASSETCATALOG_COMPILER_GLOBAL_ACCENT_COLOR_NAME = AccentColor;
				CODE_SIGN_ENTITLEMENTS = LocalHoliday/LocalHoliday.entitlements;
				CODE_SIGN_STYLE = Automatic;
				CURRENT_PROJECT_VERSION = 1;
				DEVELOPMENT_ASSET_PATHS = "\"LocalHoliday/Preview Content\"";
				DEVELOPMENT_TEAM = SYZM4D2Z3D;
				ENABLE_HARDENED_RUNTIME = YES;
				ENABLE_PREVIEWS = YES;
				GENERATE_INFOPLIST_FILE = YES;
				INFOPLIST_FILE = LocalHoliday/Info.plist;
				"INFOPLIST_KEY_UIApplicationSceneManifest_Generation[sdk=iphoneos*]" = YES;
				"INFOPLIST_KEY_UIApplicationSceneManifest_Generation[sdk=iphonesimulator*]" = YES;
				"INFOPLIST_KEY_UIApplicationSupportsIndirectInputEvents[sdk=iphoneos*]" = YES;
				"INFOPLIST_KEY_UIApplicationSupportsIndirectInputEvents[sdk=iphonesimulator*]" = YES;
				"INFOPLIST_KEY_UILaunchScreen_Generation[sdk=iphoneos*]" = YES;
				"INFOPLIST_KEY_UILaunchScreen_Generation[sdk=iphonesimulator*]" = YES;
				"INFOPLIST_KEY_UIStatusBarStyle[sdk=iphoneos*]" = UIStatusBarStyleDefault;
				"INFOPLIST_KEY_UIStatusBarStyle[sdk=iphonesimulator*]" = UIStatusBarStyleDefault;
				INFOPLIST_KEY_UISupportedInterfaceOrientations_iPad = "UIInterfaceOrientationPortrait UIInterfaceOrientationPortraitUpsideDown UIInterfaceOrientationLandscapeLeft UIInterfaceOrientationLandscapeRight";
				INFOPLIST_KEY_UISupportedInterfaceOrientations_iPhone = "UIInterfaceOrientationPortrait UIInterfaceOrientationLandscapeLeft UIInterfaceOrientationLandscapeRight";
				IPHONEOS_DEPLOYMENT_TARGET = 16.4;
				LD_RUNPATH_SEARCH_PATHS = "@executable_path/Frameworks";
				"LD_RUNPATH_SEARCH_PATHS[sdk=macosx*]" = "@executable_path/../Frameworks";
				MACOSX_DEPLOYMENT_TARGET = 13.3;
				MARKETING_VERSION = 1.0;
				PRODUCT_BUNDLE_IDENTIFIER = dev.chongin.LocalHoliday;
				PRODUCT_NAME = "$(TARGET_NAME)";
				SDKROOT = auto;
				SUPPORTED_PLATFORMS = "iphoneos iphonesimulator macosx";
				SWIFT_EMIT_LOC_STRINGS = YES;
				SWIFT_VERSION = 5.0;
				TARGETED_DEVICE_FAMILY = "1,2";
			};
			name = Debug;
		};
		6FB4A2B12A4DDD5800943CD4 /* Release */ = {
			isa = XCBuildConfiguration;
			buildSettings = {
				ASSETCATALOG_COMPILER_APPICON_NAME = AppIcon;
				ASSETCATALOG_COMPILER_GLOBAL_ACCENT_COLOR_NAME = AccentColor;
				CODE_SIGN_ENTITLEMENTS = LocalHoliday/LocalHoliday.entitlements;
				CODE_SIGN_STYLE = Automatic;
				CURRENT_PROJECT_VERSION = 1;
				DEVELOPMENT_ASSET_PATHS = "\"LocalHoliday/Preview Content\"";
				DEVELOPMENT_TEAM = SYZM4D2Z3D;
				ENABLE_HARDENED_RUNTIME = YES;
				ENABLE_PREVIEWS = YES;
				GENERATE_INFOPLIST_FILE = YES;
				INFOPLIST_FILE = LocalHoliday/Info.plist;
				"INFOPLIST_KEY_UIApplicationSceneManifest_Generation[sdk=iphoneos*]" = YES;
				"INFOPLIST_KEY_UIApplicationSceneManifest_Generation[sdk=iphonesimulator*]" = YES;
				"INFOPLIST_KEY_UIApplicationSupportsIndirectInputEvents[sdk=iphoneos*]" = YES;
				"INFOPLIST_KEY_UIApplicationSupportsIndirectInputEvents[sdk=iphonesimulator*]" = YES;
				"INFOPLIST_KEY_UILaunchScreen_Generation[sdk=iphoneos*]" = YES;
				"INFOPLIST_KEY_UILaunchScreen_Generation[sdk=iphonesimulator*]" = YES;
				"INFOPLIST_KEY_UIStatusBarStyle[sdk=iphoneos*]" = UIStatusBarStyleDefault;
				"INFOPLIST_KEY_UIStatusBarStyle[sdk=iphonesimulator*]" = UIStatusBarStyleDefault;
				INFOPLIST_KEY_UISupportedInterfaceOrientations_iPad = "UIInterfaceOrientationPortrait UIInterfaceOrientationPortraitUpsideDown UIInterfaceOrientationLandscapeLeft UIInterfaceOrientationLandscapeRight";
				INFOPLIST_KEY_UISupportedInterfaceOrientations_iPhone = "UIInterfaceOrientationPortrait UIInterfaceOrientationLandscapeLeft UIInterfaceOrientationLandscapeRight";
				IPHONEOS_DEPLOYMENT_TARGET = 16.4;
				LD_RUNPATH_SEARCH_PATHS = "@executable_path/Frameworks";
				"LD_RUNPATH_SEARCH_PATHS[sdk=macosx*]" = "@executable_path/../Frameworks";
				MACOSX_DEPLOYMENT_TARGET = 13.3;
				MARKETING_VERSION = 1.0;
				PRODUCT_BUNDLE_IDENTIFIER = dev.chongin.LocalHoliday;
				PRODUCT_NAME = "$(TARGET_NAME)";
				SDKROOT = auto;
				SUPPORTED_PLATFORMS = "iphoneos iphonesimulator macosx";
				SWIFT_EMIT_LOC_STRINGS = YES;
				SWIFT_VERSION = 5.0;
				TARGETED_DEVICE_FAMILY = "1,2";
			};
			name = Release;
		};
/* End XCBuildConfiguration section */

/* Begin XCConfigurationList section */
		6FB4A29B2A4DDD5700943CD4 /* Build configuration list for PBXProject "LocalHoliday" */ = {
			isa = XCConfigurationList;
			buildConfigurations = (
				6FB4A2AD2A4DDD5800943CD4 /* Debug */,
				6FB4A2AE2A4DDD5800943CD4 /* Release */,
			);
			defaultConfigurationIsVisible = 0;
			defaultConfigurationName = Release;
		};
		6FB4A2AF2A4DDD5800943CD4 /* Build configuration list for PBXNativeTarget "LocalHoliday" */ = {
			isa = XCConfigurationList;
			buildConfigurations = (
				6FB4A2B02A4DDD5800943CD4 /* Debug */,
				6FB4A2B12A4DDD5800943CD4 /* Release */,
			);
			defaultConfigurationIsVisible = 0;
			defaultConfigurationName = Release;
		};
/* End XCConfigurationList section */
	};
	rootObject = 6FB4A2982A4DDD5700943CD4 /* Project object */;
}
